
Microsoft Visual Studio Solution File, Format Version 12.00
# Visual Studio Version 16
VisualStudioVersion = 16.0.31129.286
MinimumVisualStudioVersion = 10.0.40219.1
Project("{9A19103F-16F7-4668-BE54-9A1E7A4F7556}") = "ToUpperHtmlTagsLibrary", "ToUpperHtmlTagsLibrary\ToUpperHtmlTagsLibrary.csproj", "{DF70EEEC-AA05-45E9-BB7D-0D3ED7DC0875}"
EndProject
Project("{9A19103F-16F7-4668-BE54-9A1E7A4F7556}") = "ConsoleNetCore", "HomeworkConsoleApp\ConsoleNetCore.csproj", "{EDEBD04A-A9A4-4EB6-8456-D43E77459289}"
EndProject
Project("{FAE04EC0-301F-11D3-BF4B-00C04F79EFBC}") = "ConsoleNetFramework", "ConsoleNetFramework\ConsoleNetFramework.csproj", "{15D39D90-B11C-4BC6-AD14-893DA09EA5E8}"
EndProject
Project("{FAE04EC0-301F-11D3-BF4B-00C04F79EFBC}") = "ToUpperHtmlTagsLibraryNetFramework", "ToUpperHtmlTagsLibraryNetFramework\ToUpperHtmlTagsLibraryNetFramework.csproj", "{E956F61B-DB7D-4B70-B023-86EEE702FFC4}"
EndProject
Project("{FAE04EC0-301F-11D3-BF4B-00C04F79EFBC}") = "FirmaApp", "FirmaApp\FirmaApp.csproj", "{DE227080-3EBC-46BC-A11A-75BEBC9BF59F}"
EndProject
Project("{FAE04EC0-301F-11D3-BF4B-00C04F79EFBC}") = "DanePomiaroweStacjiMeteorologicznej", "DanePomiaroweStacjiMeteorologicznej\DanePomiaroweStacjiMeteorologicznej.csproj", "{5B854A01-793A-426D-B47C-B251597321FD}"
EndProject
Project("{FAE04EC0-301F-11D3-BF4B-00C04F79EFBC}") = "SynchronizacjaFolderow", "SynchronizacjaFolderow\SynchronizacjaFolderow.csproj", "{7DD2D19F-2389-404F-B46B-50D2EE3F6ECD}"
EndProject
Project("{FAE04EC0-301F-11D3-BF4B-00C04F79EFBC}") = "FolderSynchronizationLibrary", "FolderSynchronizationLibrary\FolderSynchronizationLibrary.csproj", "{F3EF8958-782B-43D5-8A40-49AF7BF3C9F4}"
EndProject
Project("{FAE04EC0-301F-11D3-BF4B-00C04F79EFBC}") = "P04ExerciseLibrary", "P04ExerciseLibrary\P04ExerciseLibrary.csproj", "{153ABB37-1C38-4528-876B-49E38A72D15D}"
EndProject
Project("{FAE04EC0-301F-11D3-BF4B-00C04F79EFBC}") = "P05References", "P05References\P05References.csproj", "{13625EC7-F64A-415E-AE3F-6A7BF83C8BAC}"
EndProject
Project("{FAE04EC0-301F-11D3-BF4B-00C04F79EFBC}") = "Struct", "Struct\Struct.csproj", "{07A634D6-EBEC-4393-AA0C-A14960BF2AAE}"
EndProject
Project("{FAE04EC0-301F-11D3-BF4B-00C04F79EFBC}") = "ClassCopying", "ClassCopying\ClassCopying.csproj", "{4646CC3E-5A6D-48D0-B4FA-B1541D5FEF77}"
EndProject
Project("{FAE04EC0-301F-11D3-BF4B-00C04F79EFBC}") = "Zawodnicy", "Zawodnicy\Zawodnicy.csproj", "{22CA2D13-954D-48FA-8471-042D02BEF61B}"
EndProject
Global
	GlobalSection(SolutionConfigurationPlatforms) = preSolution
		Debug|Any CPU = Debug|Any CPU
		Release|Any CPU = Release|Any CPU
	EndGlobalSection
	GlobalSection(ProjectConfigurationPlatforms) = postSolution
		{DF70EEEC-AA05-45E9-BB7D-0D3ED7DC0875}.Debug|Any CPU.ActiveCfg = Debug|Any CPU
		{DF70EEEC-AA05-45E9-BB7D-0D3ED7DC0875}.Debug|Any CPU.Build.0 = Debug|Any CPU
		{DF70EEEC-AA05-45E9-BB7D-0D3ED7DC0875}.Release|Any CPU.ActiveCfg = Release|Any CPU
		{DF70EEEC-AA05-45E9-BB7D-0D3ED7DC0875}.Release|Any CPU.Build.0 = Release|Any CPU
		{EDEBD04A-A9A4-4EB6-8456-D43E77459289}.Debug|Any CPU.ActiveCfg = Debug|Any CPU
		{EDEBD04A-A9A4-4EB6-8456-D43E77459289}.Debug|Any CPU.Build.0 = Debug|Any CPU
		{EDEBD04A-A9A4-4EB6-8456-D43E77459289}.Release|Any CPU.ActiveCfg = Release|Any CPU
		{EDEBD04A-A9A4-4EB6-8456-D43E77459289}.Release|Any CPU.Build.0 = Release|Any CPU
		{15D39D90-B11C-4BC6-AD14-893DA09EA5E8}.Debug|Any CPU.ActiveCfg = Debug|Any CPU
		{15D39D90-B11C-4BC6-AD14-893DA09EA5E8}.Debug|Any CPU.Build.0 = Debug|Any CPU
		{15D39D90-B11C-4BC6-AD14-893DA09EA5E8}.Release|Any CPU.ActiveCfg = Release|Any CPU
		{15D39D90-B11C-4BC6-AD14-893DA09EA5E8}.Release|Any CPU.Build.0 = Release|Any CPU
		{E956F61B-DB7D-4B70-B023-86EEE702FFC4}.Debug|Any CPU.ActiveCfg = Debug|Any CPU
		{E956F61B-DB7D-4B70-B023-86EEE702FFC4}.Debug|Any CPU.Build.0 = Debug|Any CPU
		{E956F61B-DB7D-4B70-B023-86EEE702FFC4}.Release|Any CPU.ActiveCfg = Release|Any CPU
		{E956F61B-DB7D-4B70-B023-86EEE702FFC4}.Release|Any CPU.Build.0 = Release|Any CPU
		{DE227080-3EBC-46BC-A11A-75BEBC9BF59F}.Debug|Any CPU.ActiveCfg = Debug|Any CPU
		{DE227080-3EBC-46BC-A11A-75BEBC9BF59F}.Debug|Any CPU.Build.0 = Debug|Any CPU
		{DE227080-3EBC-46BC-A11A-75BEBC9BF59F}.Release|Any CPU.ActiveCfg = Release|Any CPU
		{DE227080-3EBC-46BC-A11A-75BEBC9BF59F}.Release|Any CPU.Build.0 = Release|Any CPU
		{5B854A01-793A-426D-B47C-B251597321FD}.Debug|Any CPU.ActiveCfg = Debug|Any CPU
		{5B854A01-793A-426D-B47C-B251597321FD}.Debug|Any CPU.Build.0 = Debug|Any CPU
		{5B854A01-793A-426D-B47C-B251597321FD}.Release|Any CPU.ActiveCfg = Release|Any CPU
		{5B854A01-793A-426D-B47C-B251597321FD}.Release|Any CPU.Build.0 = Release|Any CPU
		{7DD2D19F-2389-404F-B46B-50D2EE3F6ECD}.Debug|Any CPU.ActiveCfg = Debug|Any CPU
		{7DD2D19F-2389-404F-B46B-50D2EE3F6ECD}.Debug|Any CPU.Build.0 = Debug|Any CPU
		{7DD2D19F-2389-404F-B46B-50D2EE3F6ECD}.Release|Any CPU.ActiveCfg = Release|Any CPU
		{7DD2D19F-2389-404F-B46B-50D2EE3F6ECD}.Release|Any CPU.Build.0 = Release|Any CPU
		{F3EF8958-782B-43D5-8A40-49AF7BF3C9F4}.Debug|Any CPU.ActiveCfg = Debug|Any CPU
		{F3EF8958-782B-43D5-8A40-49AF7BF3C9F4}.Debug|Any CPU.Build.0 = Debug|Any CPU
		{F3EF8958-782B-43D5-8A40-49AF7BF3C9F4}.Release|Any CPU.ActiveCfg = Release|Any CPU
		{F3EF8958-782B-43D5-8A40-49AF7BF3C9F4}.Release|Any CPU.Build.0 = Release|Any CPU
		{153ABB37-1C38-4528-876B-49E38A72D15D}.Debug|Any CPU.ActiveCfg = Debug|Any CPU
		{153ABB37-1C38-4528-876B-49E38A72D15D}.Debug|Any CPU.Build.0 = Debug|Any CPU
		{153ABB37-1C38-4528-876B-49E38A72D15D}.Release|Any CPU.ActiveCfg = Release|Any CPU
		{153ABB37-1C38-4528-876B-49E38A72D15D}.Release|Any CPU.Build.0 = Release|Any CPU
		{13625EC7-F64A-415E-AE3F-6A7BF83C8BAC}.Debug|Any CPU.ActiveCfg = Debug|Any CPU
		{13625EC7-F64A-415E-AE3F-6A7BF83C8BAC}.Debug|Any CPU.Build.0 = Debug|Any CPU
		{13625EC7-F64A-415E-AE3F-6A7BF83C8BAC}.Release|Any CPU.ActiveCfg = Release|Any CPU
		{13625EC7-F64A-415E-AE3F-6A7BF83C8BAC}.Release|Any CPU.Build.0 = Release|Any CPU
		{07A634D6-EBEC-4393-AA0C-A14960BF2AAE}.Debug|Any CPU.ActiveCfg = Debug|Any CPU
		{07A634D6-EBEC-4393-AA0C-A14960BF2AAE}.Debug|Any CPU.Build.0 = Debug|Any CPU
		{07A634D6-EBEC-4393-AA0C-A14960BF2AAE}.Release|Any CPU.ActiveCfg = Release|Any CPU
		{07A634D6-EBEC-4393-AA0C-A14960BF2AAE}.Release|Any CPU.Build.0 = Release|Any CPU
		{4646CC3E-5A6D-48D0-B4FA-B1541D5FEF77}.Debug|Any CPU.ActiveCfg = Debug|Any CPU
		{4646CC3E-5A6D-48D0-B4FA-B1541D5FEF77}.Debug|Any CPU.Build.0 = Debug|Any CPU
		{4646CC3E-5A6D-48D0-B4FA-B1541D5FEF77}.Release|Any CPU.ActiveCfg = Release|Any CPU
		{4646CC3E-5A6D-48D0-B4FA-B1541D5FEF77}.Release|Any CPU.Build.0 = Release|Any CPU
		{22CA2D13-954D-48FA-8471-042D02BEF61B}.Debug|Any CPU.ActiveCfg = Debug|Any CPU
		{22CA2D13-954D-48FA-8471-042D02BEF61B}.Debug|Any CPU.Build.0 = Debug|Any CPU
		{22CA2D13-954D-48FA-8471-042D02BEF61B}.Release|Any CPU.ActiveCfg = Release|Any CPU
		{22CA2D13-954D-48FA-8471-042D02BEF61B}.Release|Any CPU.Build.0 = Release|Any CPU
	EndGlobalSection
	GlobalSection(SolutionProperties) = preSolution
		HideSolutionNode = FALSE
	EndGlobalSection
	GlobalSection(ExtensibilityGlobals) = postSolution
		SolutionGuid = {E2DF17A0-7743-4B6E-8E2B-AED9A18C701B}
	EndGlobalSection
EndGlobal
