
Microsoft Visual Studio Solution File, Format Version 12.00
# Visual Studio Version 16
VisualStudioVersion = 16.0.31129.286
MinimumVisualStudioVersion = 10.0.40219.1
Project("{9A19103F-16F7-4668-BE54-9A1E7A4F7556}") = "ToUpperHtmlTagsLibrary", "ToUpperHtmlTagsLibrary\ToUpperHtmlTagsLibrary.csproj", "{DF70EEEC-AA05-45E9-BB7D-0D3ED7DC0875}"
EndProject
Project("{9A19103F-16F7-4668-BE54-9A1E7A4F7556}") = "ConsoleNetCore", "HomeworkConsoleApp\ConsoleNetCore.csproj", "{EDEBD04A-A9A4-4EB6-8456-D43E77459289}"
EndProject
Project("{FAE04EC0-301F-11D3-BF4B-00C04F79EFBC}") = "ConsoleNetFramework", "ConsoleNetFramework\ConsoleNetFramework.csproj", "{15D39D90-B11C-4BC6-AD14-893DA09EA5E8}"
EndProject
Project("{FAE04EC0-301F-11D3-BF4B-00C04F79EFBC}") = "ToUpperHtmlTagsLibraryNetFramework", "ToUpperHtmlTagsLibraryNetFramework\ToUpperHtmlTagsLibraryNetFramework.csproj", "{E956F61B-DB7D-4B70-B023-86EEE702FFC4}"
EndProject
Global
	GlobalSection(SolutionConfigurationPlatforms) = preSolution
		Debug|Any CPU = Debug|Any CPU
		Release|Any CPU = Release|Any CPU
	EndGlobalSection
	GlobalSection(ProjectConfigurationPlatforms) = postSolution
		{DF70EEEC-AA05-45E9-BB7D-0D3ED7DC0875}.Debug|Any CPU.ActiveCfg = Debug|Any CPU
		{DF70EEEC-AA05-45E9-BB7D-0D3ED7DC0875}.Debug|Any CPU.Build.0 = Debug|Any CPU
		{DF70EEEC-AA05-45E9-BB7D-0D3ED7DC0875}.Release|Any CPU.ActiveCfg = Release|Any CPU
		{DF70EEEC-AA05-45E9-BB7D-0D3ED7DC0875}.Release|Any CPU.Build.0 = Release|Any CPU
		{EDEBD04A-A9A4-4EB6-8456-D43E77459289}.Debug|Any CPU.ActiveCfg = Debug|Any CPU
		{EDEBD04A-A9A4-4EB6-8456-D43E77459289}.Debug|Any CPU.Build.0 = Debug|Any CPU
		{EDEBD04A-A9A4-4EB6-8456-D43E77459289}.Release|Any CPU.ActiveCfg = Release|Any CPU
		{EDEBD04A-A9A4-4EB6-8456-D43E77459289}.Release|Any CPU.Build.0 = Release|Any CPU
		{15D39D90-B11C-4BC6-AD14-893DA09EA5E8}.Debug|Any CPU.ActiveCfg = Debug|Any CPU
		{15D39D90-B11C-4BC6-AD14-893DA09EA5E8}.Debug|Any CPU.Build.0 = Debug|Any CPU
		{15D39D90-B11C-4BC6-AD14-893DA09EA5E8}.Release|Any CPU.ActiveCfg = Release|Any CPU
		{15D39D90-B11C-4BC6-AD14-893DA09EA5E8}.Release|Any CPU.Build.0 = Release|Any CPU
		{E956F61B-DB7D-4B70-B023-86EEE702FFC4}.Debug|Any CPU.ActiveCfg = Debug|Any CPU
		{E956F61B-DB7D-4B70-B023-86EEE702FFC4}.Debug|Any CPU.Build.0 = Debug|Any CPU
		{E956F61B-DB7D-4B70-B023-86EEE702FFC4}.Release|Any CPU.ActiveCfg = Release|Any CPU
		{E956F61B-DB7D-4B70-B023-86EEE702FFC4}.Release|Any CPU.Build.0 = Release|Any CPU
	EndGlobalSection
	GlobalSection(SolutionProperties) = preSolution
		HideSolutionNode = FALSE
	EndGlobalSection
	GlobalSection(ExtensibilityGlobals) = postSolution
		SolutionGuid = {E2DF17A0-7743-4B6E-8E2B-AED9A18C701B}
	EndGlobalSection
EndGlobal
